
Microsoft Visual Studio Solution File, Format Version 12.00
# Visual Studio Version 17
VisualStudioVersion = 17.0.32112.339
MinimumVisualStudioVersion = 10.0.40219.1
Project("{FAE04EC0-301F-11D3-BF4B-00C04F79EFBC}") = "prueba_back_end", "prueba_back_end.csproj", "{358D9044-438D-4CC8-BD44-E0FD95224FAF}"
EndProject
Global
	GlobalSection(SolutionConfigurationPlatforms) = preSolution
		Debug|Any CPU = Debug|Any CPU
		Release|Any CPU = Release|Any CPU
	EndGlobalSection
	GlobalSection(ProjectConfigurationPlatforms) = postSolution
		{358D9044-438D-4CC8-BD44-E0FD95224FAF}.Debug|Any CPU.ActiveCfg = Debug|Any CPU
		{358D9044-438D-4CC8-BD44-E0FD95224FAF}.Debug|Any CPU.Build.0 = Debug|Any CPU
		{358D9044-438D-4CC8-BD44-E0FD95224FAF}.Release|Any CPU.ActiveCfg = Release|Any CPU
		{358D9044-438D-4CC8-BD44-E0FD95224FAF}.Release|Any CPU.Build.0 = Release|Any CPU
	EndGlobalSection
	GlobalSection(SolutionProperties) = preSolution
		HideSolutionNode = FALSE
	EndGlobalSection
	GlobalSection(ExtensibilityGlobals) = postSolution
		SolutionGuid = {0DEFE9C5-C578-453D-86CD-9A936C49FC06}
	EndGlobalSection
EndGlobal
